{
  "requires": true,
  "lockfileVersion": 1,
  "dependencies": {
    "graphql": {
      "version": "16.4.0",
      "resolved": "https://registry.npmmirror.com/graphql/-/graphql-16.4.0.tgz",
      "integrity": "sha512-tYDNcRvKCcfHREZYje3v33NSrSD/ZpbWWdPtBtUUuXx9NCo/2QDxYzNqCnMvfsrnbwRpEHMovVrPu/ERoLrIRg=="
    }
  }
}
