{
  "name": "view-eslint",
  "version": "1.0.0",
  "lockfileVersion": 1,
  "requires": true,
  "dependencies": {
    "@vanwei/eslint-config": {
      "version": "1.0.1",
      "resolved": "https://registry.npmmirror.com/@vanwei/eslint-config/-/eslint-config-1.0.1.tgz",
      "integrity": "sha512-OrdV3IhQVIc2c0LvyMpQkN2B5Jox5w8BBww30M+yZFO47tmvgxQzrwM54DaOxqW4b2x4NM1MmQVnLOyh0Hzs+g=="
    }
  }
}
