{
  "name": "view-stylelint",
  "version": "1.0.0",
  "lockfileVersion": 1,
  "requires": true,
  "dependencies": {
    "@vanwei/stylelint-config": {
      "version": "1.0.1",
      "resolved": "https://registry.npmmirror.com/@vanwei/stylelint-config/-/stylelint-config-1.0.1.tgz",
      "integrity": "sha512-e+8Auds8G8ydUje/Q6vfYMBkYT0QjV0WlkVafv0sluETBE1EsqNejhdVKPjOI8aX4/gcxvWHtZe/GUCSvhvMsQ=="
    }
  }
}
