{
  "name": "demo-01",
  "version": "1.0.0",
  "lockfileVersion": 2,
  "requires": true,
  "packages": {
    "": {
      "name": "demo-01",
      "version": "1.0.0",
      "license": "ISC",
      "dependencies": {
        "crypto-js": "^4.0.0",
        "sm-crypto": "^0.3.12"
      }
    },
    "node_modules/crypto-js": {
      "version": "4.1.1",
      "resolved": "https://registry.npmjs.org/crypto-js/-/crypto-js-4.1.1.tgz",
      "integrity": "sha512-o2JlM7ydqd3Qk9CA0L4NL6mTzU2sdx96a+oOfPu8Mkl/PK51vSyoi8/rQ8NknZtk44vq15lmhAj9CIAGwgeWKw=="
    },
    "node_modules/jsbn": {
      "version": "1.1.0",
      "resolved": "https://registry.npmjs.org/jsbn/-/jsbn-1.1.0.tgz",
      "integrity": "sha512-4bYVV3aAMtDTTu4+xsDYa6sy9GyJ69/amsu9sYF2zqjiEoZA5xJi3BrfX3uY+/IekIu7MwdObdbDWpoZdBv3/A=="
    },
    "node_modules/sm-crypto": {
      "version": "0.3.12",
      "resolved": "https://registry.npmjs.org/sm-crypto/-/sm-crypto-0.3.12.tgz",
      "integrity": "sha512-272PBzB4PYaBdeGa41TH9ZlMGLPVRmS36Gs4FjmHwXIdihQypAbhhFWZTaa/3de69q2KfMme1M5O2W5+spAdrg==",
      "dependencies": {
        "jsbn": "^1.1.0"
      }
    }
  },
  "dependencies": {
    "crypto-js": {
      "version": "4.1.1",
      "resolved": "https://registry.npmjs.org/crypto-js/-/crypto-js-4.1.1.tgz",
      "integrity": "sha512-o2JlM7ydqd3Qk9CA0L4NL6mTzU2sdx96a+oOfPu8Mkl/PK51vSyoi8/rQ8NknZtk44vq15lmhAj9CIAGwgeWKw=="
    },
    "jsbn": {
      "version": "1.1.0",
      "resolved": "https://registry.npmjs.org/jsbn/-/jsbn-1.1.0.tgz",
      "integrity": "sha512-4bYVV3aAMtDTTu4+xsDYa6sy9GyJ69/amsu9sYF2zqjiEoZA5xJi3BrfX3uY+/IekIu7MwdObdbDWpoZdBv3/A=="
    },
    "sm-crypto": {
      "version": "0.3.12",
      "resolved": "https://registry.npmjs.org/sm-crypto/-/sm-crypto-0.3.12.tgz",
      "integrity": "sha512-272PBzB4PYaBdeGa41TH9ZlMGLPVRmS36Gs4FjmHwXIdihQypAbhhFWZTaa/3de69q2KfMme1M5O2W5+spAdrg==",
      "requires": {
        "jsbn": "^1.1.0"
      }
    }
  }
}
